// !$*UTF8*$!
{
	archiveVersion = 1;
	classes = {
	};
	objectVersion = 46;
	objects = {

/* Begin PBXBuildFile section */
		5C8397351A6F4EFB0032ECCA /* main.m in Sources */ = {isa = PBXBuildFile; fileRef = 5C8397341A6F4EFB0032ECCA /* main.m */; };
		5C8397381A6F4EFB0032ECCA /* AppDelegate.m in Sources */ = {isa = PBXBuildFile; fileRef = 5C8397371A6F4EFB0032ECCA /* AppDelegate.m */; };
		5C83973B1A6F4EFB0032ECCA /* ViewController.m in Sources */ = {isa = PBXBuildFile; fileRef = 5C83973A1A6F4EFB0032ECCA /* ViewController.m */; };
		5C83973E1A6F4EFB0032ECCA /* Main.storyboard in Resources */ = {isa = PBXBuildFile; fileRef = 5C83973C1A6F4EFB0032ECCA /* Main.storyboard */; };
		5C8397401A6F4EFB0032ECCA /* Images.xcassets in Resources */ = {isa = PBXBuildFile; fileRef = 5C83973F1A6F4EFB0032ECCA /* Images.xcassets */; };
		5C8397431A6F4EFC0032ECCA /* LaunchScreen.xib in Resources */ = {isa = PBXBuildFile; fileRef = 5C8397411A6F4EFC0032ECCA /* LaunchScreen.xib */; };
		5C83974F1A6F4EFC0032ECCA /* KeyboardLocation_TestTests.m in Sources */ = {isa = PBXBuildFile; fileRef = 5C83974E1A6F4EFC0032ECCA /* KeyboardLocation_TestTests.m */; };
/* End PBXBuildFile section */

/* Begin PBXContainerItemProxy section */
		5C8397491A6F4EFC0032ECCA /* PBXContainerItemProxy */ = {
			isa = PBXContainerItemProxy;
			containerPortal = 5C8397271A6F4EFB0032ECCA /* Project object */;
			proxyType = 1;
			remoteGlobalIDString = 5C83972E1A6F4EFB0032ECCA;
			remoteInfo = KeyboardLocation_Test;
		};
/* End PBXContainerItemProxy section */

/* Begin PBXFileReference section */
		5C83972F1A6F4EFB0032ECCA /* KeyboardLocation_Test.app */ = {isa = PBXFileReference; explicitFileType = wrapper.application; includeInIndex = 0; path = KeyboardLocation_Test.app; sourceTree = BUILT_PRODUCTS_DIR; };
		5C8397331A6F4EFB0032ECCA /* Info.plist */ = {isa = PBXFileReference; lastKnownFileType = text.plist.xml; path = Info.plist; sourceTree = "<group>"; };
		5C8397341A6F4EFB0032ECCA /* main.m */ = {isa = PBXFileReference; lastKnownFileType = sourcecode.c.objc; path = main.m; sourceTree = "<group>"; };
		5C8397361A6F4EFB0032ECCA /* AppDelegate.h */ = {isa = PBXFileReference; lastKnownFileType = sourcecode.c.h; path = AppDelegate.h; sourceTree = "<group>"; };
		5C8397371A6F4EFB0032ECCA /* AppDelegate.m */ = {isa = PBXFileReference; lastKnownFileType = sourcecode.c.objc; path = AppDelegate.m; sourceTree = "<group>"; };
		5C8397391A6F4EFB0032ECCA /* ViewController.h */ = {isa = PBXFileReference; lastKnownFileType = sourcecode.c.h; path = ViewController.h; sourceTree = "<group>"; };
		5C83973A1A6F4EFB0032ECCA /* ViewController.m */ = {isa = PBXFileReference; lastKnownFileType = sourcecode.c.objc; path = ViewController.m; sourceTree = "<group>"; };
		5C83973D1A6F4EFB0032ECCA /* Base */ = {isa = PBXFileReference; lastKnownFileType = file.storyboard; name = Base; path = Base.lproj/Main.storyboard; sourceTree = "<group>"; };
		5C83973F1A6F4EFB0032ECCA /* Images.xcassets */ = {isa = PBXFileReference; lastKnownFileType = folder.assetcatalog; path = Images.xcassets; sourceTree = "<group>"; };
		5C8397421A6F4EFC0032ECCA /* Base */ = {isa = PBXFileReference; lastKnownFileType = file.xib; name = Base; path = Base.lproj/LaunchScreen.xib; sourceTree = "<group>"; };
		5C8397481A6F4EFC0032ECCA /* KeyboardLocation_TestTests.xctest */ = {isa = PBXFileReference; explicitFileType = wrapper.cfbundle; includeInIndex = 0; path = KeyboardLocation_TestTests.xctest; sourceTree = BUILT_PRODUCTS_DIR; };
		5C83974D1A6F4EFC0032ECCA /* Info.plist */ = {isa = PBXFileReference; lastKnownFileType = text.plist.xml; path = Info.plist; sourceTree = "<group>"; };
		5C83974E1A6F4EFC0032ECCA /* KeyboardLocation_TestTests.m */ = {isa = PBXFileReference; lastKnownFileType = sourcecode.c.objc; path = KeyboardLocation_TestTests.m; sourceTree = "<group>"; };
/* End PBXFileReference section */

/* Begin PBXFrameworksBuildPhase section */
		5C83972C1A6F4EFB0032ECCA /* Frameworks */ = {
			isa = PBXFrameworksBuildPhase;
			buildActionMask = 2147483647;
			files = (
			);
			runOnlyForDeploymentPostprocessing = 0;
		};
		5C8397451A6F4EFC0032ECCA /* Frameworks */ = {
			isa = PBXFrameworksBuildPhase;
			buildActionMask = 2147483647;
			files = (
			);
			runOnlyForDeploymentPostprocessing = 0;
		};
/* End PBXFrameworksBuildPhase section */

/* Begin PBXGroup section */
		5C8397261A6F4EFB0032ECCA = {
			isa = PBXGroup;
			children = (
				5C8397311A6F4EFB0032ECCA /* KeyboardLocation_Test */,
				5C83974B1A6F4EFC0032ECCA /* KeyboardLocation_TestTests */,
				5C8397301A6F4EFB0032ECCA /* Products */,
			);
			sourceTree = "<group>";
		};
		5C8397301A6F4EFB0032ECCA /* Products */ = {
			isa = PBXGroup;
			children = (
				5C83972F1A6F4EFB0032ECCA /* KeyboardLocation_Test.app */,
				5C8397481A6F4EFC0032ECCA /* KeyboardLocation_TestTests.xctest */,
			);
			name = Products;
			sourceTree = "<group>";
		};
		5C8397311A6F4EFB0032ECCA /* KeyboardLocation_Test */ = {
			isa = PBXGroup;
			children = (
				5C8397361A6F4EFB0032ECCA /* AppDelegate.h */,
				5C8397371A6F4EFB0032ECCA /* AppDelegate.m */,
				5C8397391A6F4EFB0032ECCA /* ViewController.h */,
				5C83973A1A6F4EFB0032ECCA /* ViewController.m */,
				5C83973C1A6F4EFB0032ECCA /* Main.storyboard */,
				5C83973F1A6F4EFB0032ECCA /* Images.xcassets */,
				5C8397411A6F4EFC0032ECCA /* LaunchScreen.xib */,
				5C8397321A6F4EFB0032ECCA /* Supporting Files */,
			);
			path = KeyboardLocation_Test;
			sourceTree = "<group>";
		};
		5C8397321A6F4EFB0032ECCA /* Supporting Files */ = {
			isa = PBXGroup;
			children = (
				5C8397331A6F4EFB0032ECCA /* Info.plist */,
				5C8397341A6F4EFB0032ECCA /* main.m */,
			);
			name = "Supporting Files";
			sourceTree = "<group>";
		};
		5C83974B1A6F4EFC0032ECCA /* KeyboardLocation_TestTests */ = {
			isa = PBXGroup;
			children = (
				5C83974E1A6F4EFC0032ECCA /* KeyboardLocation_TestTests.m */,
				5C83974C1A6F4EFC0032ECCA /* Supporting Files */,
			);
			path = KeyboardLocation_TestTests;
			sourceTree = "<group>";
		};
		5C83974C1A6F4EFC0032ECCA /* Supporting Files */ = {
			isa = PBXGroup;
			children = (
				5C83974D1A6F4EFC0032ECCA /* Info.plist */,
			);
			name = "Supporting Files";
			sourceTree = "<group>";
		};
/* End PBXGroup section */

/* Begin PBXNativeTarget section */
		5C83972E1A6F4EFB0032ECCA /* KeyboardLocation_Test */ = {
			isa = PBXNativeTarget;
			buildConfigurationList = 5C8397521A6F4EFC0032ECCA /* Build configuration list for PBXNativeTarget "KeyboardLocation_Test" */;
			buildPhases = (
				5C83972B1A6F4EFB0032ECCA /* Sources */,
				5C83972C1A6F4EFB0032ECCA /* Frameworks */,
				5C83972D1A6F4EFB0032ECCA /* Resources */,
			);
			buildRules = (
			);
			dependencies = (
			);
			name = KeyboardLocation_Test;
			productName = KeyboardLocation_Test;
			productReference = 5C83972F1A6F4EFB0032ECCA /* KeyboardLocation_Test.app */;
			productType = "com.apple.product-type.application";
		};
		5C8397471A6F4EFC0032ECCA /* KeyboardLocation_TestTests */ = {
			isa = PBXNativeTarget;
			buildConfigurationList = 5C8397551A6F4EFC0032ECCA /* Build configuration list for PBXNativeTarget "KeyboardLocation_TestTests" */;
			buildPhases = (
				5C8397441A6F4EFC0032ECCA /* Sources */,
				5C8397451A6F4EFC0032ECCA /* Frameworks */,
				5C8397461A6F4EFC0032ECCA /* Resources */,
			);
			buildRules = (
			);
			dependencies = (
				5C83974A1A6F4EFC0032ECCA /* PBXTargetDependency */,
			);
			name = KeyboardLocation_TestTests;
			productName = KeyboardLocation_TestTests;
			productReference = 5C8397481A6F4EFC0032ECCA /* KeyboardLocation_TestTests.xctest */;
			productType = "com.apple.product-type.bundle.unit-test";
		};
/* End PBXNativeTarget section */

/* Begin PBXProject section */
		5C8397271A6F4EFB0032ECCA /* Project object */ = {
			isa = PBXProject;
			attributes = {
				LastUpgradeCheck = 0610;
				ORGANIZATIONNAME = iwind;
				TargetAttributes = {
					5C83972E1A6F4EFB0032ECCA = {
						CreatedOnToolsVersion = 6.1.1;
					};
					5C8397471A6F4EFC0032ECCA = {
						CreatedOnToolsVersion = 6.1.1;
						TestTargetID = 5C83972E1A6F4EFB0032ECCA;
					};
				};
			};
			buildConfigurationList = 5C83972A1A6F4EFB0032ECCA /* Build configuration list for PBXProject "KeyboardLocation_Test" */;
			compatibilityVersion = "Xcode 3.2";
			developmentRegion = English;
			hasScannedForEncodings = 0;
			knownRegions = (
				en,
				Base,
			);
			mainGroup = 5C8397261A6F4EFB0032ECCA;
			productRefGroup = 5C8397301A6F4EFB0032ECCA /* Products */;
			projectDirPath = "";
			projectRoot = "";
			targets = (
				5C83972E1A6F4EFB0032ECCA /* KeyboardLocation_Test */,
				5C8397471A6F4EFC0032ECCA /* KeyboardLocation_TestTests */,
			);
		};
/* End PBXProject section */

/* Begin PBXResourcesBuildPhase section */
		5C83972D1A6F4EFB0032ECCA /* Resources */ = {
			isa = PBXResourcesBuildPhase;
			buildActionMask = 2147483647;
			files = (
				5C83973E1A6F4EFB0032ECCA /* Main.storyboard in Resources */,
				5C8397431A6F4EFC0032ECCA /* LaunchScreen.xib in Resources */,
				5C8397401A6F4EFB0032ECCA /* Images.xcassets in Resources */,
			);
			runOnlyForDeploymentPostprocessing = 0;
		};
		5C8397461A6F4EFC0032ECCA /* Resources */ = {
			isa = PBXResourcesBuildPhase;
			buildActionMask = 2147483647;
			files = (
			);
			runOnlyForDeploymentPostprocessing = 0;
		};
/* End PBXResourcesBuildPhase section */

/* Begin PBXSourcesBuildPhase section */
		5C83972B1A6F4EFB0032ECCA /* Sources */ = {
			isa = PBXSourcesBuildPhase;
			buildActionMask = 2147483647;
			files = (
				5C83973B1A6F4EFB0032ECCA /* ViewController.m in Sources */,
				5C8397381A6F4EFB0032ECCA /* AppDelegate.m in Sources */,
				5C8397351A6F4EFB0032ECCA /* main.m in Sources */,
			);
			runOnlyForDeploymentPostprocessing = 0;
		};
		5C8397441A6F4EFC0032ECCA /* Sources */ = {
			isa = PBXSourcesBuildPhase;
			buildActionMask = 2147483647;
			files = (
				5C83974F1A6F4EFC0032ECCA /* KeyboardLocation_TestTests.m in Sources */,
			);
			runOnlyForDeploymentPostprocessing = 0;
		};
/* End PBXSourcesBuildPhase section */

/* Begin PBXTargetDependency section */
		5C83974A1A6F4EFC0032ECCA /* PBXTargetDependency */ = {
			isa = PBXTargetDependency;
			target = 5C83972E1A6F4EFB0032ECCA /* KeyboardLocation_Test */;
			targetProxy = 5C8397491A6F4EFC0032ECCA /* PBXContainerItemProxy */;
		};
/* End PBXTargetDependency section */

/* Begin PBXVariantGroup section */
		5C83973C1A6F4EFB0032ECCA /* Main.storyboard */ = {
			isa = PBXVariantGroup;
			children = (
				5C83973D1A6F4EFB0032ECCA /* Base */,
			);
			name = Main.storyboard;
			sourceTree = "<group>";
		};
		5C8397411A6F4EFC0032ECCA /* LaunchScreen.xib */ = {
			isa = PBXVariantGroup;
			children = (
				5C8397421A6F4EFC0032ECCA /* Base */,
			);
			name = LaunchScreen.xib;
			sourceTree = "<group>";
		};
/* End PBXVariantGroup section */

/* Begin XCBuildConfiguration section */
		5C8397501A6F4EFC0032ECCA /* Debug */ = {
			isa = XCBuildConfiguration;
			buildSettings = {
				ALWAYS_SEARCH_USER_PATHS = NO;
				CLANG_CXX_LANGUAGE_STANDARD = "gnu++0x";
				CLANG_CXX_LIBRARY = "libc++";
				CLANG_ENABLE_MODULES = YES;
				CLANG_ENABLE_OBJC_ARC = YES;
				CLANG_WARN_BOOL_CONVERSION = YES;
				CLANG_WARN_CONSTANT_CONVERSION = YES;
				CLANG_WARN_DIRECT_OBJC_ISA_USAGE = YES_ERROR;
				CLANG_WARN_EMPTY_BODY = YES;
				CLANG_WARN_ENUM_CONVERSION = YES;
				CLANG_WARN_INT_CONVERSION = YES;
				CLANG_WARN_OBJC_ROOT_CLASS = YES_ERROR;
				CLANG_WARN_UNREACHABLE_CODE = YES;
				CLANG_WARN__DUPLICATE_METHOD_MATCH = YES;
				"CODE_SIGN_IDENTITY[sdk=iphoneos*]" = "iPhone Developer";
				COPY_PHASE_STRIP = NO;
				ENABLE_STRICT_OBJC_MSGSEND = YES;
				GCC_C_LANGUAGE_STANDARD = gnu99;
				GCC_DYNAMIC_NO_PIC = NO;
				GCC_OPTIMIZATION_LEVEL = 0;
				GCC_PREPROCESSOR_DEFINITIONS = (
					"DEBUG=1",
					"$(inherited)",
				);
				GCC_SYMBOLS_PRIVATE_EXTERN = NO;
				GCC_WARN_64_TO_32_BIT_CONVERSION = YES;
				GCC_WARN_ABOUT_RETURN_TYPE = YES_ERROR;
				GCC_WARN_UNDECLARED_SELECTOR = YES;
				GCC_WARN_UNINITIALIZED_AUTOS = YES_AGGRESSIVE;
				GCC_WARN_UNUSED_FUNCTION = YES;
				GCC_WARN_UNUSED_VARIABLE = YES;
				IPHONEOS_DEPLOYMENT_TARGET = 8.1;
				MTL_ENABLE_DEBUG_INFO = YES;
				ONLY_ACTIVE_ARCH = YES;
				SDKROOT = iphoneos;
			};
			name = Debug;
		};
		5C8397511A6F4EFC0032ECCA /* Release */ = {
			isa = XCBuildConfiguration;
			buildSettings = {
				ALWAYS_SEARCH_USER_PATHS = NO;
				CLANG_CXX_LANGUAGE_STANDARD = "gnu++0x";
				CLANG_CXX_LIBRARY = "libc++";
				CLANG_ENABLE_MODULES = YES;
				CLANG_ENABLE_OBJC_ARC = YES;
				CLANG_WARN_BOOL_CONVERSION = YES;
				CLANG_WARN_CONSTANT_CONVERSION = YES;
				CLANG_WARN_DIRECT_OBJC_ISA_USAGE = YES_ERROR;
				CLANG_WARN_EMPTY_BODY = YES;
				CLANG_WARN_ENUM_CONVERSION = YES;
				CLANG_WARN_INT_CONVERSION = YES;
				CLANG_WARN_OBJC_ROOT_CLASS = YES_ERROR;
				CLANG_WARN_UNREACHABLE_CODE = YES;
				CLANG_WARN__DUPLICATE_METHOD_MATCH = YES;
				"CODE_SIGN_IDENTITY[sdk=iphoneos*]" = "iPhone Developer";
				COPY_PHASE_STRIP = YES;
				ENABLE_NS_ASSERTIONS = NO;
				ENABLE_STRICT_OBJC_MSGSEND = YES;
				GCC_C_LANGUAGE_STANDARD = gnu99;
				GCC_WARN_64_TO_32_BIT_CONVERSION = YES;
				GCC_WARN_ABOUT_RETURN_TYPE = YES_ERROR;
				GCC_WARN_UNDECLARED_SELECTOR = YES;
				GCC_WARN_UNINITIALIZED_AUTOS = YES_AGGRESSIVE;
				GCC_WARN_UNUSED_FUNCTION = YES;
				GCC_WARN_UNUSED_VARIABLE = YES;
				IPHONEOS_DEPLOYMENT_TARGET = 8.1;
				MTL_ENABLE_DEBUG_INFO = NO;
				SDKROOT = iphoneos;
				VALIDATE_PRODUCT = YES;
			};
			name = Release;
		};
		5C8397531A6F4EFC0032ECCA /* Debug */ = {
			isa = XCBuildConfiguration;
			buildSettings = {
				ASSETCATALOG_COMPILER_APPICON_NAME = AppIcon;
				INFOPLIST_FILE = KeyboardLocation_Test/Info.plist;
				LD_RUNPATH_SEARCH_PATHS = "$(inherited) @executable_path/Frameworks";
				PRODUCT_NAME = "$(TARGET_NAME)";
			};
			name = Debug;
		};
		5C8397541A6F4EFC0032ECCA /* Release */ = {
			isa = XCBuildConfiguration;
			buildSettings = {
				ASSETCATALOG_COMPILER_APPICON_NAME = AppIcon;
				INFOPLIST_FILE = KeyboardLocation_Test/Info.plist;
				LD_RUNPATH_SEARCH_PATHS = "$(inherited) @executable_path/Frameworks";
				PRODUCT_NAME = "$(TARGET_NAME)";
			};
			name = Release;
		};
		5C8397561A6F4EFC0032ECCA /* Debug */ = {
			isa = XCBuildConfiguration;
			buildSettings = {
				BUNDLE_LOADER = "$(TEST_HOST)";
				FRAMEWORK_SEARCH_PATHS = (
					"$(SDKROOT)/Developer/Library/Frameworks",
					"$(inherited)",
				);
				GCC_PREPROCESSOR_DEFINITIONS = (
					"DEBUG=1",
					"$(inherited)",
				);
				INFOPLIST_FILE = KeyboardLocation_TestTests/Info.plist;
				LD_RUNPATH_SEARCH_PATHS = "$(inherited) @executable_path/Frameworks @loader_path/Frameworks";
				PRODUCT_NAME = "$(TARGET_NAME)";
				TEST_HOST = "$(BUILT_PRODUCTS_DIR)/KeyboardLocation_Test.app/KeyboardLocation_Test";
			};
			name = Debug;
		};
		5C8397571A6F4EFC0032ECCA /* Release */ = {
			isa = XCBuildConfiguration;
			buildSettings = {
				BUNDLE_LOADER = "$(TEST_HOST)";
				FRAMEWORK_SEARCH_PATHS = (
					"$(SDKROOT)/Developer/Library/Frameworks",
					"$(inherited)",
				);
				INFOPLIST_FILE = KeyboardLocation_TestTests/Info.plist;
				LD_RUNPATH_SEARCH_PATHS = "$(inherited) @executable_path/Frameworks @loader_path/Frameworks";
				PRODUCT_NAME = "$(TARGET_NAME)";
				TEST_HOST = "$(BUILT_PRODUCTS_DIR)/KeyboardLocation_Test.app/KeyboardLocation_Test";
			};
			name = Release;
		};
/* End XCBuildConfiguration section */

/* Begin XCConfigurationList section */
		5C83972A1A6F4EFB0032ECCA /* Build configuration list for PBXProject "KeyboardLocation_Test" */ = {
			isa = XCConfigurationList;
			buildConfigurations = (
				5C8397501A6F4EFC0032ECCA /* Debug */,
				5C8397511A6F4EFC0032ECCA /* Release */,
			);
			defaultConfigurationIsVisible = 0;
			defaultConfigurationName = Release;
		};
		5C8397521A6F4EFC0032ECCA /* Build configuration list for PBXNativeTarget "KeyboardLocation_Test" */ = {
			isa = XCConfigurationList;
			buildConfigurations = (
				5C8397531A6F4EFC0032ECCA /* Debug */,
				5C8397541A6F4EFC0032ECCA /* Release */,
			);
			defaultConfigurationIsVisible = 0;
		};
		5C8397551A6F4EFC0032ECCA /* Build configuration list for PBXNativeTarget "KeyboardLocation_TestTests" */ = {
			isa = XCConfigurationList;
			buildConfigurations = (
				5C8397561A6F4EFC0032ECCA /* Debug */,
				5C8397571A6F4EFC0032ECCA /* Release */,
			);
			defaultConfigurationIsVisible = 0;
		};
/* End XCConfigurationList section */
	};
	rootObject = 5C8397271A6F4EFB0032ECCA /* Project object */;
}
